
Microsoft Visual Studio Solution File, Format Version 12.00
# Visual Studio Version 17
VisualStudioVersion = 17.11.35327.3
MinimumVisualStudioVersion = 10.0.40219.1
Project("{9A19103F-16F7-4668-BE54-9A1E7A4F7556}") = "SchoolDBCodeFirstApp", "..\SchoolDBCodeFirstApp\SchoolDBCodeFirstApp.csproj", "{542AD0D4-0CEC-4862-B756-2F20D2BA7A11}"
EndProject
Project("{9A19103F-16F7-4668-BE54-9A1E7A4F7556}") = "BykeStoreDBFirst", "..\BykeStoreDBFirst\BykeStoreDBFirst.csproj", "{FC05C74D-C330-436F-A0E7-2B9B7FAA4981}"
EndProject
Global
	GlobalSection(SolutionConfigurationPlatforms) = preSolution
		Debug|Any CPU = Debug|Any CPU
		Release|Any CPU = Release|Any CPU
	EndGlobalSection
	GlobalSection(ProjectConfigurationPlatforms) = postSolution
		{542AD0D4-0CEC-4862-B756-2F20D2BA7A11}.Debug|Any CPU.ActiveCfg = Debug|Any CPU
		{542AD0D4-0CEC-4862-B756-2F20D2BA7A11}.Debug|Any CPU.Build.0 = Debug|Any CPU
		{542AD0D4-0CEC-4862-B756-2F20D2BA7A11}.Release|Any CPU.ActiveCfg = Release|Any CPU
		{542AD0D4-0CEC-4862-B756-2F20D2BA7A11}.Release|Any CPU.Build.0 = Release|Any CPU
		{FC05C74D-C330-436F-A0E7-2B9B7FAA4981}.Debug|Any CPU.ActiveCfg = Debug|Any CPU
		{FC05C74D-C330-436F-A0E7-2B9B7FAA4981}.Debug|Any CPU.Build.0 = Debug|Any CPU
		{FC05C74D-C330-436F-A0E7-2B9B7FAA4981}.Release|Any CPU.ActiveCfg = Release|Any CPU
		{FC05C74D-C330-436F-A0E7-2B9B7FAA4981}.Release|Any CPU.Build.0 = Release|Any CPU
	EndGlobalSection
	GlobalSection(SolutionProperties) = preSolution
		HideSolutionNode = FALSE
	EndGlobalSection
	GlobalSection(ExtensibilityGlobals) = postSolution
		SolutionGuid = {4FD7F8AF-A701-473C-A5F2-9CA118AF5A80}
	EndGlobalSection
EndGlobal
