
Microsoft Visual Studio Solution File, Format Version 12.00
# Visual Studio Version 17
VisualStudioVersion = 17.11.35327.3
MinimumVisualStudioVersion = 10.0.40219.1
Project("{FAE04EC0-301F-11D3-BF4B-00C04F79EFBC}") = "JWT_Authenticator", "JWT_Authenticator.csproj", "{B6A25AAD-D6D8-48A3-8229-372C3CBC270C}"
EndProject
Global
	GlobalSection(SolutionConfigurationPlatforms) = preSolution
		Debug|Any CPU = Debug|Any CPU
		Release|Any CPU = Release|Any CPU
	EndGlobalSection
	GlobalSection(ProjectConfigurationPlatforms) = postSolution
		{B6A25AAD-D6D8-48A3-8229-372C3CBC270C}.Debug|Any CPU.ActiveCfg = Debug|Any CPU
		{B6A25AAD-D6D8-48A3-8229-372C3CBC270C}.Debug|Any CPU.Build.0 = Debug|Any CPU
		{B6A25AAD-D6D8-48A3-8229-372C3CBC270C}.Release|Any CPU.ActiveCfg = Release|Any CPU
		{B6A25AAD-D6D8-48A3-8229-372C3CBC270C}.Release|Any CPU.Build.0 = Release|Any CPU
	EndGlobalSection
	GlobalSection(SolutionProperties) = preSolution
		HideSolutionNode = FALSE
	EndGlobalSection
	GlobalSection(ExtensibilityGlobals) = postSolution
		SolutionGuid = {D805EB52-3FF6-481D-A263-1E2D924C1753}
	EndGlobalSection
EndGlobal
