
Microsoft Visual Studio Solution File, Format Version 12.00
# Visual Studio Version 17
VisualStudioVersion = 17.11.35327.3
MinimumVisualStudioVersion = 10.0.40219.1
Project("{9A19103F-16F7-4668-BE54-9A1E7A4F7556}") = "ProductWebAPI", "ProductWebAPI.csproj", "{912AB994-8AC5-4E34-A2F0-5777F2A47948}"
EndProject
Project("{9A19103F-16F7-4668-BE54-9A1E7A4F7556}") = "BykeStoreGateWayAPI", "..\BykeStoreGateWayAPI\BykeStoreGateWayAPI.csproj", "{B081791B-D315-462A-8B8E-ECBBD0FA1E53}"
EndProject
Project("{FAE04EC0-301F-11D3-BF4B-00C04F79EFBC}") = "OrdersWebAPI", "..\OrdersWebAPI\OrdersWebAPI.csproj", "{807D7D52-F04E-49BF-9148-74C780CB13CA}"
EndProject
Global
	GlobalSection(SolutionConfigurationPlatforms) = preSolution
		Debug|Any CPU = Debug|Any CPU
		Release|Any CPU = Release|Any CPU
	EndGlobalSection
	GlobalSection(ProjectConfigurationPlatforms) = postSolution
		{912AB994-8AC5-4E34-A2F0-5777F2A47948}.Debug|Any CPU.ActiveCfg = Debug|Any CPU
		{912AB994-8AC5-4E34-A2F0-5777F2A47948}.Debug|Any CPU.Build.0 = Debug|Any CPU
		{912AB994-8AC5-4E34-A2F0-5777F2A47948}.Release|Any CPU.ActiveCfg = Release|Any CPU
		{912AB994-8AC5-4E34-A2F0-5777F2A47948}.Release|Any CPU.Build.0 = Release|Any CPU
		{B081791B-D315-462A-8B8E-ECBBD0FA1E53}.Debug|Any CPU.ActiveCfg = Debug|Any CPU
		{B081791B-D315-462A-8B8E-ECBBD0FA1E53}.Debug|Any CPU.Build.0 = Debug|Any CPU
		{B081791B-D315-462A-8B8E-ECBBD0FA1E53}.Release|Any CPU.ActiveCfg = Release|Any CPU
		{B081791B-D315-462A-8B8E-ECBBD0FA1E53}.Release|Any CPU.Build.0 = Release|Any CPU
		{807D7D52-F04E-49BF-9148-74C780CB13CA}.Debug|Any CPU.ActiveCfg = Debug|Any CPU
		{807D7D52-F04E-49BF-9148-74C780CB13CA}.Debug|Any CPU.Build.0 = Debug|Any CPU
		{807D7D52-F04E-49BF-9148-74C780CB13CA}.Release|Any CPU.ActiveCfg = Release|Any CPU
		{807D7D52-F04E-49BF-9148-74C780CB13CA}.Release|Any CPU.Build.0 = Release|Any CPU
	EndGlobalSection
	GlobalSection(SolutionProperties) = preSolution
		HideSolutionNode = FALSE
	EndGlobalSection
	GlobalSection(ExtensibilityGlobals) = postSolution
		SolutionGuid = {4FAAA298-52C5-4F20-A794-123BA6E9F6D8}
	EndGlobalSection
EndGlobal
