
Microsoft Visual Studio Solution File, Format Version 12.00
# Visual Studio Version 17
VisualStudioVersion = 17.11.35327.3
MinimumVisualStudioVersion = 10.0.40219.1
Project("{9A19103F-16F7-4668-BE54-9A1E7A4F7556}") = "MyCoreWebAPP", "MyCoreWebAPP.csproj", "{DA8AED66-7FC7-464F-BD5A-CD128C683E18}"
EndProject
Project("{9A19103F-16F7-4668-BE54-9A1E7A4F7556}") = "SchoolDBCoreWebAPI", "..\SchoolBDCoreWebAPI\SchoolDBCoreWebAPI.csproj", "{DC4FAC62-CD7F-4216-8ED4-0A50F8D23F89}"
EndProject
Global
	GlobalSection(SolutionConfigurationPlatforms) = preSolution
		Debug|Any CPU = Debug|Any CPU
		Release|Any CPU = Release|Any CPU
	EndGlobalSection
	GlobalSection(ProjectConfigurationPlatforms) = postSolution
		{DA8AED66-7FC7-464F-BD5A-CD128C683E18}.Debug|Any CPU.ActiveCfg = Debug|Any CPU
		{DA8AED66-7FC7-464F-BD5A-CD128C683E18}.Debug|Any CPU.Build.0 = Debug|Any CPU
		{DA8AED66-7FC7-464F-BD5A-CD128C683E18}.Release|Any CPU.ActiveCfg = Release|Any CPU
		{DA8AED66-7FC7-464F-BD5A-CD128C683E18}.Release|Any CPU.Build.0 = Release|Any CPU
		{DC4FAC62-CD7F-4216-8ED4-0A50F8D23F89}.Debug|Any CPU.ActiveCfg = Debug|Any CPU
		{DC4FAC62-CD7F-4216-8ED4-0A50F8D23F89}.Debug|Any CPU.Build.0 = Debug|Any CPU
		{DC4FAC62-CD7F-4216-8ED4-0A50F8D23F89}.Release|Any CPU.ActiveCfg = Release|Any CPU
		{DC4FAC62-CD7F-4216-8ED4-0A50F8D23F89}.Release|Any CPU.Build.0 = Release|Any CPU
	EndGlobalSection
	GlobalSection(SolutionProperties) = preSolution
		HideSolutionNode = FALSE
	EndGlobalSection
	GlobalSection(ExtensibilityGlobals) = postSolution
		SolutionGuid = {F97454F7-1933-4552-BE32-A9F949A29158}
	EndGlobalSection
EndGlobal
