
Microsoft Visual Studio Solution File, Format Version 12.00
# Visual Studio Version 17
VisualStudioVersion = 17.11.35327.3
MinimumVisualStudioVersion = 10.0.40219.1
Project("{FAE04EC0-301F-11D3-BF4B-00C04F79EFBC}") = "Hackathon1", "Hackathon1.csproj", "{E2A60816-06B2-4F36-91B4-E3CFFB709D40}"
EndProject
Global
	GlobalSection(SolutionConfigurationPlatforms) = preSolution
		Debug|Any CPU = Debug|Any CPU
		Release|Any CPU = Release|Any CPU
	EndGlobalSection
	GlobalSection(ProjectConfigurationPlatforms) = postSolution
		{E2A60816-06B2-4F36-91B4-E3CFFB709D40}.Debug|Any CPU.ActiveCfg = Debug|Any CPU
		{E2A60816-06B2-4F36-91B4-E3CFFB709D40}.Debug|Any CPU.Build.0 = Debug|Any CPU
		{E2A60816-06B2-4F36-91B4-E3CFFB709D40}.Release|Any CPU.ActiveCfg = Release|Any CPU
		{E2A60816-06B2-4F36-91B4-E3CFFB709D40}.Release|Any CPU.Build.0 = Release|Any CPU
	EndGlobalSection
	GlobalSection(SolutionProperties) = preSolution
		HideSolutionNode = FALSE
	EndGlobalSection
	GlobalSection(ExtensibilityGlobals) = postSolution
		SolutionGuid = {883A9A4B-C0CF-47CF-80B1-CD632439A310}
	EndGlobalSection
EndGlobal
