
Microsoft Visual Studio Solution File, Format Version 12.00
# Visual Studio Version 17
VisualStudioVersion = 17.11.35327.3
MinimumVisualStudioVersion = 10.0.40219.1
Project("{FAE04EC0-301F-11D3-BF4B-00C04F79EFBC}") = "FirstAzureMVCWebAppConnection", "FirstAzureMVCWebAppConnection.csproj", "{795326EB-F831-4DC0-83E5-341B14AEAD7E}"
EndProject
Global
	GlobalSection(SolutionConfigurationPlatforms) = preSolution
		Debug|Any CPU = Debug|Any CPU
		Release|Any CPU = Release|Any CPU
	EndGlobalSection
	GlobalSection(ProjectConfigurationPlatforms) = postSolution
		{795326EB-F831-4DC0-83E5-341B14AEAD7E}.Debug|Any CPU.ActiveCfg = Debug|Any CPU
		{795326EB-F831-4DC0-83E5-341B14AEAD7E}.Debug|Any CPU.Build.0 = Debug|Any CPU
		{795326EB-F831-4DC0-83E5-341B14AEAD7E}.Release|Any CPU.ActiveCfg = Release|Any CPU
		{795326EB-F831-4DC0-83E5-341B14AEAD7E}.Release|Any CPU.Build.0 = Release|Any CPU
	EndGlobalSection
	GlobalSection(SolutionProperties) = preSolution
		HideSolutionNode = FALSE
	EndGlobalSection
	GlobalSection(ExtensibilityGlobals) = postSolution
		SolutionGuid = {8346D648-8649-455E-9863-3D112A6A953A}
	EndGlobalSection
EndGlobal
